{
  "version": 4,
  "terraform_version": "1.11.0",
  "serial": 183,
  "lineage": "12f8db75-caf6-3a4f-d49a-c1b683b1674e",
  "outputs": {},
  "resources": [
    {
      "mode": "data",
      "type": "radarr_quality_definitions",
      "name": "all",
      "provider": "provider[\"registry.terraform.io/devopsarr/radarr\"]",
      "instances": [
        {
          "schema_version": 0,
          "attributes": {
            "id": "30",
            "quality_definitions": [
              {
                "id": 10,
                "max_size": 100,
                "min_size": 0,
                "preferred_size": 95,
                "quality_id": 23,
                "quality_name": "DVD-R",
                "resolution": 480,
                "source": "dvd",
                "title": "DVD-R"
              },
              {
                "id": 11,
                "max_size": 100,
                "min_size": 0,
                "preferred_size": 95,
                "quality_id": 8,
                "quality_name": "WEBDL-480p",
                "resolution": 480,
                "source": "webdl",
                "title": "WEBDL-480p"
              },
              {
                "id": 12,
                "max_size": 100,
                "min_size": 0,
                "preferred_size": 95,
                "quality_id": 12,
                "quality_name": "WEBRip-480p",
                "resolution": 480,
                "source": "webrip",
                "title": "WEBRip-480p"
              },
              {
                "id": 13,
                "max_size": 100,
                "min_size": 0,
                "preferred_size": 95,
                "quality_id": 20,
                "quality_name": "Bluray-480p",
                "resolution": 480,
                "source": "bluray",
                "title": "Bluray-480p"
              },
              {
                "id": 14,
                "max_size": 100,
                "min_size": 0,
                "preferred_size": 95,
                "quality_id": 21,
                "quality_name": "Bluray-576p",
                "resolution": 576,
                "source": "bluray",
                "title": "Bluray-576p"
              },
              {
                "id": 15,
                "max_size": 0,
                "min_size": 17.1,
                "preferred_size": 0,
                "quality_id": 4,
                "quality_name": "HDTV-720p",
                "resolution": 720,
                "source": "tv",
                "title": "HDTV-720p"
              },
              {
                "id": 16,
                "max_size": 0,
                "min_size": 12.5,
                "preferred_size": 0,
                "quality_id": 5,
                "quality_name": "WEBDL-720p",
                "resolution": 720,
                "source": "webdl",
                "title": "WEBDL-720p"
              },
              {
                "id": 17,
                "max_size": 0,
                "min_size": 12.5,
                "preferred_size": 0,
                "quality_id": 14,
                "quality_name": "WEBRip-720p",
                "resolution": 720,
                "source": "webrip",
                "title": "WEBRip-720p"
              },
              {
                "id": 18,
                "max_size": 0,
                "min_size": 25.7,
                "preferred_size": 0,
                "quality_id": 6,
                "quality_name": "Bluray-720p",
                "resolution": 720,
                "source": "bluray",
                "title": "Bluray-720p"
              },
              {
                "id": 19,
                "max_size": 0,
                "min_size": 33.8,
                "preferred_size": 0,
                "quality_id": 9,
                "quality_name": "HDTV-1080p",
                "resolution": 1080,
                "source": "tv",
                "title": "HDTV-1080p"
              },
              {
                "id": 1,
                "max_size": 100,
                "min_size": 0,
                "preferred_size": 95,
                "quality_id": 0,
                "quality_name": "Unknown",
                "resolution": 0,
                "source": "unknown",
                "title": "Unknown"
              },
              {
                "id": 20,
                "max_size": 0,
                "min_size": 12.5,
                "preferred_size": 0,
                "quality_id": 3,
                "quality_name": "WEBDL-1080p",
                "resolution": 1080,
                "source": "webdl",
                "title": "WEBDL-1080p"
              },
              {
                "id": 21,
                "max_size": 0,
                "min_size": 12.5,
                "preferred_size": 0,
                "quality_id": 15,
                "quality_name": "WEBRip-1080p",
                "resolution": 1080,
                "source": "webrip",
                "title": "WEBRip-1080p"
              },
              {
                "id": 22,
                "max_size": 2000,
                "min_size": 48.4,
                "preferred_size": 1999,
                "quality_id": 7,
                "quality_name": "Bluray-1080p",
                "resolution": 1080,
                "source": "bluray",
                "title": "Bluray-1080p"
              },
              {
                "id": 23,
                "max_size": 0,
                "min_size": 102,
                "preferred_size": 0,
                "quality_id": 30,
                "quality_name": "Remux-1080p",
                "resolution": 1080,
                "source": "bluray",
                "title": "Remux-1080p"
              },
              {
                "id": 24,
                "max_size": 0,
                "min_size": 85,
                "preferred_size": 0,
                "quality_id": 16,
                "quality_name": "HDTV-2160p",
                "resolution": 2160,
                "source": "tv",
                "title": "HDTV-2160p"
              },
              {
                "id": 25,
                "max_size": 0,
                "min_size": 34.5,
                "preferred_size": 0,
                "quality_id": 18,
                "quality_name": "WEBDL-2160p",
                "resolution": 2160,
                "source": "webdl",
                "title": "WEBDL-2160p"
              },
              {
                "id": 26,
                "max_size": 0,
                "min_size": 34.5,
                "preferred_size": 0,
                "quality_id": 17,
                "quality_name": "WEBRip-2160p",
                "resolution": 2160,
                "source": "webrip",
                "title": "WEBRip-2160p"
              },
              {
                "id": 27,
                "max_size": 0,
                "min_size": 102,
                "preferred_size": 0,
                "quality_id": 19,
                "quality_name": "Bluray-2160p",
                "resolution": 2160,
                "source": "bluray",
                "title": "Bluray-2160p"
              },
              {
                "id": 28,
                "max_size": 0,
                "min_size": 187.4,
                "preferred_size": 0,
                "quality_id": 31,
                "quality_name": "Remux-2160p",
                "resolution": 2160,
                "source": "bluray",
                "title": "Remux-2160p"
              },
              {
                "id": 29,
                "max_size": 0,
                "min_size": 0,
                "preferred_size": 0,
                "quality_id": 22,
                "quality_name": "BR-DISK",
                "resolution": 1080,
                "source": "bluray",
                "title": "BR-DISK"
              },
              {
                "id": 2,
                "max_size": 100,
                "min_size": 0,
                "preferred_size": 95,
                "quality_id": 24,
                "quality_name": "WORKPRINT",
                "resolution": 0,
                "source": "workprint",
                "title": "WORKPRINT"
              },
              {
                "id": 30,
                "max_size": 0,
                "min_size": 0,
                "preferred_size": 0,
                "quality_id": 10,
                "quality_name": "Raw-HD",
                "resolution": 1080,
                "source": "tv",
                "title": "Raw-HD"
              },
              {
                "id": 3,
                "max_size": 100,
                "min_size": 0,
                "preferred_size": 95,
                "quality_id": 25,
                "quality_name": "CAM",
                "resolution": 0,
                "source": "cam",
                "title": "CAM"
              },
              {
                "id": 4,
                "max_size": 100,
                "min_size": 0,
                "preferred_size": 95,
                "quality_id": 26,
                "quality_name": "TELESYNC",
                "resolution": 0,
                "source": "telesync",
                "title": "TELESYNC"
              },
              {
                "id": 5,
                "max_size": 100,
                "min_size": 0,
                "preferred_size": 95,
                "quality_id": 27,
                "quality_name": "TELECINE",
                "resolution": 0,
                "source": "telecine",
                "title": "TELECINE"
              },
              {
                "id": 6,
                "max_size": 100,
                "min_size": 0,
                "preferred_size": 95,
                "quality_id": 29,
                "quality_name": "REGIONAL",
                "resolution": 480,
                "source": "dvd",
                "title": "REGIONAL"
              },
              {
                "id": 7,
                "max_size": 100,
                "min_size": 0,
                "preferred_size": 95,
                "quality_id": 28,
                "quality_name": "DVDSCR",
                "resolution": 480,
                "source": "dvd",
                "title": "DVDSCR"
              },
              {
                "id": 8,
                "max_size": 100,
                "min_size": 0,
                "preferred_size": 95,
                "quality_id": 1,
                "quality_name": "SDTV",
                "resolution": 480,
                "source": "tv",
                "title": "SDTV"
              },
              {
                "id": 9,
                "max_size": 100,
                "min_size": 0,
                "preferred_size": 95,
                "quality_id": 2,
                "quality_name": "DVD",
                "resolution": 0,
                "source": "dvd",
                "title": "DVD"
              }
            ]
          },
          "sensitive_attributes": []
        }
      ]
    },
    {
      "mode": "data",
      "type": "sonarr_quality_definitions",
      "name": "all",
      "provider": "provider[\"registry.terraform.io/devopsarr/sonarr\"]",
      "instances": [
        {
          "schema_version": 0,
          "attributes": {
            "id": "22",
            "quality_definitions": [
              {
                "id": 10,
                "max_size": 0,
                "min_size": 4,
                "preferred_size": 95,
                "quality_id": 10,
                "quality_name": "Raw-HD",
                "resolution": 1080,
                "source": "televisionRaw",
                "title": "Raw-HD"
              },
              {
                "id": 11,
                "max_size": 0,
                "min_size": 5,
                "preferred_size": 0,
                "quality_id": 14,
                "quality_name": "WEBRip-720p",
                "resolution": 720,
                "source": "webRip",
                "title": "WEBRip-720p"
              },
              {
                "id": 12,
                "max_size": 0,
                "min_size": 5,
                "preferred_size": 0,
                "quality_id": 5,
                "quality_name": "WEBDL-720p",
                "resolution": 720,
                "source": "web",
                "title": "WEBDL-720p"
              },
              {
                "id": 13,
                "max_size": 0,
                "min_size": 5,
                "preferred_size": 0,
                "quality_id": 6,
                "quality_name": "Bluray-720p",
                "resolution": 720,
                "source": "bluray",
                "title": "HDTV-720p-test"
              },
              {
                "id": 14,
                "max_size": 0,
                "min_size": 5,
                "preferred_size": 0,
                "quality_id": 15,
                "quality_name": "WEBRip-1080p",
                "resolution": 1080,
                "source": "webRip",
                "title": "WEBRip-1080p"
              },
              {
                "id": 15,
                "max_size": 0,
                "min_size": 5,
                "preferred_size": 0,
                "quality_id": 3,
                "quality_name": "WEBDL-1080p",
                "resolution": 1080,
                "source": "web",
                "title": "WEBDL-1080p"
              },
              {
                "id": 16,
                "max_size": 1000,
                "min_size": 48.4,
                "preferred_size": 995,
                "quality_id": 7,
                "quality_name": "Bluray-1080p",
                "resolution": 1080,
                "source": "bluray",
                "title": "Bluray-1080p"
              },
              {
                "id": 17,
                "max_size": 0,
                "min_size": 5,
                "preferred_size": 0,
                "quality_id": 20,
                "quality_name": "Bluray-1080p Remux",
                "resolution": 1080,
                "source": "blurayRaw",
                "title": "Bluray-1080p Remux"
              },
              {
                "id": 18,
                "max_size": 0,
                "min_size": 5,
                "preferred_size": 0,
                "quality_id": 16,
                "quality_name": "HDTV-2160p",
                "resolution": 2160,
                "source": "television",
                "title": "HDTV-2160p"
              },
              {
                "id": 19,
                "max_size": 0,
                "min_size": 5,
                "preferred_size": 0,
                "quality_id": 17,
                "quality_name": "WEBRip-2160p",
                "resolution": 2160,
                "source": "webRip",
                "title": "WEBRip-2160p"
              },
              {
                "id": 1,
                "max_size": 199.9,
                "min_size": 1,
                "preferred_size": 95,
                "quality_id": 0,
                "quality_name": "Unknown",
                "resolution": 0,
                "source": "unknown",
                "title": "Unknown"
              },
              {
                "id": 20,
                "max_size": 0,
                "min_size": 5,
                "preferred_size": 0,
                "quality_id": 18,
                "quality_name": "WEBDL-2160p",
                "resolution": 2160,
                "source": "web",
                "title": "WEBDL-2160p"
              },
              {
                "id": 21,
                "max_size": 0,
                "min_size": 5,
                "preferred_size": 0,
                "quality_id": 19,
                "quality_name": "Bluray-2160p",
                "resolution": 2160,
                "source": "bluray",
                "title": "Bluray-2160p"
              },
              {
                "id": 22,
                "max_size": 0,
                "min_size": 5,
                "preferred_size": 0,
                "quality_id": 21,
                "quality_name": "Bluray-2160p Remux",
                "resolution": 2160,
                "source": "blurayRaw",
                "title": "Bluray-2160p Remux"
              },
              {
                "id": 2,
                "max_size": 0,
                "min_size": 5,
                "preferred_size": 0,
                "quality_id": 1,
                "quality_name": "SDTV",
                "resolution": 480,
                "source": "television",
                "title": "SDTV"
              },
              {
                "id": 3,
                "max_size": 0,
                "min_size": 5,
                "preferred_size": 0,
                "quality_id": 12,
                "quality_name": "WEBRip-480p",
                "resolution": 480,
                "source": "webRip",
                "title": "WEBRip-480p"
              },
              {
                "id": 4,
                "max_size": 0,
                "min_size": 5,
                "preferred_size": 0,
                "quality_id": 8,
                "quality_name": "WEBDL-480p",
                "resolution": 480,
                "source": "web",
                "title": "WEBDL-480p"
              },
              {
                "id": 5,
                "max_size": 0,
                "min_size": 5,
                "preferred_size": 0,
                "quality_id": 2,
                "quality_name": "DVD",
                "resolution": 480,
                "source": "dvd",
                "title": "DVD"
              },
              {
                "id": 6,
                "max_size": 0,
                "min_size": 5,
                "preferred_size": 0,
                "quality_id": 13,
                "quality_name": "Bluray-480p",
                "resolution": 480,
                "source": "bluray",
                "title": "Bluray-480p"
              },
              {
                "id": 7,
                "max_size": 0,
                "min_size": 5,
                "preferred_size": 0,
                "quality_id": 22,
                "quality_name": "Bluray-576p",
                "resolution": 576,
                "source": "bluray",
                "title": "Bluray-576p"
              },
              {
                "id": 8,
                "max_size": 0,
                "min_size": 5,
                "preferred_size": 0,
                "quality_id": 4,
                "quality_name": "HDTV-720p",
                "resolution": 720,
                "source": "television",
                "title": "HDTV-720p"
              },
              {
                "id": 9,
                "max_size": 0,
                "min_size": 5,
                "preferred_size": 0,
                "quality_id": 9,
                "quality_name": "HDTV-1080p",
                "resolution": 1080,
                "source": "television",
                "title": "HDTV-1080p"
              }
            ]
          },
          "sensitive_attributes": []
        }
      ]
    },
    {
      "mode": "managed",
      "type": "prowlarr_application_radarr",
      "name": "radarr",
      "provider": "provider[\"registry.terraform.io/devopsarr/prowlarr\"]",
      "instances": [
        {
          "schema_version": 0,
          "attributes": {
            "api_key": "9fa54d4701ec401e82a2aa8abdb0a7d8",
            "base_url": "https://radarr-princessdomino.venom.mygiga.cloud",
            "id": 1,
            "name": "radarr.laura.services",
            "prowlarr_url": "https://prowlarr-princessdomino.venom.mygiga.cloud",
            "sync_categories": [
              2000,
              2010,
              2020,
              2030,
              2040,
              2045,
              2050,
              2060,
              2070,
              2080,
              2090
            ],
            "sync_level": "fullSync",
            "tags": []
          },
          "sensitive_attributes": [
            [
              {
                "type": "get_attr",
                "value": "api_key"
              }
            ]
          ]
        }
      ]
    },
    {
      "mode": "managed",
      "type": "prowlarr_application_sonarr",
      "name": "sonarr",
      "provider": "provider[\"registry.terraform.io/devopsarr/prowlarr\"]",
      "instances": [
        {
          "schema_version": 0,
          "attributes": {
            "anime_sync_categories": [
              5070
            ],
            "api_key": "LHRBpDA3SkcDCV9KTsSfy8jMffRGaVXo",
            "base_url": "https://sonarr4-princessdomino.venom.mygiga.cloud",
            "id": 2,
            "name": "sonarr.laura.services",
            "prowlarr_url": "https://prowlarr-princessdomino.venom.mygiga.cloud",
            "sync_categories": [
              5000,
              5010,
              5020,
              5030,
              5040,
              5045,
              5050,
              5090
            ],
            "sync_level": "fullSync",
            "tags": []
          },
          "sensitive_attributes": [
            [
              {
                "type": "get_attr",
                "value": "api_key"
              }
            ]
          ]
        }
      ]
    },
    {
      "mode": "managed",
      "type": "prowlarr_indexer",
      "name": "nzb_su",
      "provider": "provider[\"registry.terraform.io/devopsarr/prowlarr\"]",
      "instances": [
        {
          "schema_version": 0,
          "attributes": {
            "app_profile_id": 1,
            "config_contract": "NewznabSettings",
            "enable": true,
            "fields": [
              {
                "bool_value": null,
                "name": "apiKey",
                "number_value": null,
                "sensitive_value": "1b65e4cb76d1b421c7d022cabef16fac",
                "set_value": null,
                "text_value": null
              },
              {
                "bool_value": null,
                "name": "apiPath",
                "number_value": null,
                "sensitive_value": null,
                "set_value": null,
                "text_value": "/api"
              },
              {
                "bool_value": null,
                "name": "baseSettings.grabLimit",
                "number_value": 600,
                "sensitive_value": null,
                "set_value": null,
                "text_value": null
              },
              {
                "bool_value": null,
                "name": "baseSettings.limitsUnit",
                "number_value": 0,
                "sensitive_value": null,
                "set_value": null,
                "text_value": null
              },
              {
                "bool_value": null,
                "name": "baseSettings.queryLimit",
                "number_value": 5000,
                "sensitive_value": null,
                "set_value": null,
                "text_value": null
              },
              {
                "bool_value": null,
                "name": "baseUrl",
                "number_value": null,
                "sensitive_value": null,
                "set_value": null,
                "text_value": "https://api.nzb.su"
              },
              {
                "bool_value": null,
                "name": "vipExpiration",
                "number_value": null,
                "sensitive_value": null,
                "set_value": null,
                "text_value": "2026-03-16"
              }
            ],
            "id": 9,
            "implementation": "Newznab",
            "language": "en-US",
            "name": "Nzb.su",
            "priority": 25,
            "privacy": "private",
            "protocol": "usenet",
            "tags": []
          },
          "sensitive_attributes": [
            [
              {
                "type": "get_attr",
                "value": "fields"
              }
            ]
          ]
        }
      ]
    },
    {
      "mode": "managed",
      "type": "prowlarr_indexer",
      "name": "nzbgeek_info",
      "provider": "provider[\"registry.terraform.io/devopsarr/prowlarr\"]",
      "instances": [
        {
          "schema_version": 0,
          "attributes": {
            "app_profile_id": 1,
            "config_contract": "NewznabSettings",
            "enable": true,
            "fields": [
              {
                "bool_value": null,
                "name": "apiKey",
                "number_value": null,
                "sensitive_value": "3EtxYMaDcPmOFfQ2O5PdHgkj39TzEx4p",
                "set_value": null,
                "text_value": null
              },
              {
                "bool_value": null,
                "name": "apiPath",
                "number_value": null,
                "sensitive_value": null,
                "set_value": null,
                "text_value": "/api"
              },
              {
                "bool_value": null,
                "name": "baseSettings.limitsUnit",
                "number_value": 0,
                "sensitive_value": null,
                "set_value": null,
                "text_value": null
              },
              {
                "bool_value": null,
                "name": "baseUrl",
                "number_value": null,
                "sensitive_value": null,
                "set_value": null,
                "text_value": "https://api.nzbgeek.info"
              },
              {
                "bool_value": null,
                "name": "vipExpiration",
                "number_value": null,
                "sensitive_value": null,
                "set_value": null,
                "text_value": ""
              }
            ],
            "id": 13,
            "implementation": "Newznab",
            "language": "en-US",
            "name": "NZBgeek",
            "priority": 25,
            "privacy": "private",
            "protocol": "usenet",
            "tags": []
          },
          "sensitive_attributes": [
            [
              {
                "type": "get_attr",
                "value": "fields"
              }
            ]
          ]
        }
      ]
    },
    {
      "mode": "managed",
      "type": "prowlarr_indexer",
      "name": "scenenzbs_com",
      "provider": "provider[\"registry.terraform.io/devopsarr/prowlarr\"]",
      "instances": [
        {
          "schema_version": 0,
          "attributes": {
            "app_profile_id": 1,
            "config_contract": "NewznabSettings",
            "enable": true,
            "fields": [
              {
                "bool_value": null,
                "name": "apiKey",
                "number_value": null,
                "sensitive_value": "af0391ae0a2de3b1f44ca3b840c1c4c4",
                "set_value": null,
                "text_value": null
              },
              {
                "bool_value": null,
                "name": "apiPath",
                "number_value": null,
                "sensitive_value": null,
                "set_value": null,
                "text_value": "/api"
              },
              {
                "bool_value": null,
                "name": "baseSettings.grabLimit",
                "number_value": 400,
                "sensitive_value": null,
                "set_value": null,
                "text_value": null
              },
              {
                "bool_value": null,
                "name": "baseSettings.limitsUnit",
                "number_value": 0,
                "sensitive_value": null,
                "set_value": null,
                "text_value": null
              },
              {
                "bool_value": null,
                "name": "baseSettings.queryLimit",
                "number_value": 10000,
                "sensitive_value": null,
                "set_value": null,
                "text_value": null
              },
              {
                "bool_value": null,
                "name": "baseUrl",
                "number_value": null,
                "sensitive_value": null,
                "set_value": null,
                "text_value": "https://scenenzbs.com/"
              },
              {
                "bool_value": null,
                "name": "vipExpiration",
                "number_value": null,
                "sensitive_value": null,
                "set_value": null,
                "text_value": "2027-01-18"
              }
            ],
            "id": 14,
            "implementation": "Newznab",
            "language": "en-US",
            "name": "SceneNZBs",
            "priority": 25,
            "privacy": "private",
            "protocol": "usenet",
            "tags": []
          },
          "sensitive_attributes": [
            [
              {
                "type": "get_attr",
                "value": "fields"
              }
            ]
          ]
        }
      ]
    },
    {
      "mode": "managed",
      "type": "prowlarr_indexer",
      "name": "usenet-crawler_com",
      "provider": "provider[\"registry.terraform.io/devopsarr/prowlarr\"]",
      "instances": [
        {
          "schema_version": 0,
          "attributes": {
            "app_profile_id": 1,
            "config_contract": "NewznabSettings",
            "enable": true,
            "fields": [
              {
                "bool_value": null,
                "name": "apiKey",
                "number_value": null,
                "sensitive_value": "8a0b88364a0d3ba2a8334b2d3b7acf5c",
                "set_value": null,
                "text_value": null
              },
              {
                "bool_value": null,
                "name": "apiPath",
                "number_value": null,
                "sensitive_value": null,
                "set_value": null,
                "text_value": "/api"
              },
              {
                "bool_value": null,
                "name": "baseSettings.grabLimit",
                "number_value": 1000,
                "sensitive_value": null,
                "set_value": null,
                "text_value": null
              },
              {
                "bool_value": null,
                "name": "baseSettings.limitsUnit",
                "number_value": 0,
                "sensitive_value": null,
                "set_value": null,
                "text_value": null
              },
              {
                "bool_value": null,
                "name": "baseSettings.queryLimit",
                "number_value": 10000,
                "sensitive_value": null,
                "set_value": null,
                "text_value": null
              },
              {
                "bool_value": null,
                "name": "baseUrl",
                "number_value": null,
                "sensitive_value": null,
                "set_value": null,
                "text_value": "https://www.usenet-crawler.com/"
              },
              {
                "bool_value": null,
                "name": "vipExpiration",
                "number_value": null,
                "sensitive_value": null,
                "set_value": null,
                "text_value": ""
              }
            ],
            "id": 15,
            "implementation": "Newznab",
            "language": "en-US",
            "name": "usenet-crawler",
            "priority": 25,
            "privacy": "private",
            "protocol": "usenet",
            "tags": []
          },
          "sensitive_attributes": [
            [
              {
                "type": "get_attr",
                "value": "fields"
              }
            ]
          ]
        }
      ]
    },
    {
      "mode": "managed",
      "type": "radarr_download_client_rtorrent",
      "name": "radarr",
      "provider": "provider[\"registry.terraform.io/devopsarr/radarr\"]",
      "instances": [
        {
          "schema_version": 0,
          "attributes": {
            "add_stopped": false,
            "enable": true,
            "host": "rtorrent-princessdomino.venom.mygiga.cloud",
            "id": 2,
            "movie_category": "radarr",
            "movie_directory": null,
            "movie_imported_category": null,
            "name": "rTorrent",
            "older_movie_priority": 2,
            "password": "oiFbgU-GJYwCP2V",
            "port": 443,
            "priority": 1,
            "recent_movie_priority": 2,
            "remove_completed_downloads": false,
            "remove_failed_downloads": false,
            "tags": [],
            "url_base": "/rtrpc/",
            "use_ssl": true,
            "username": "princessdomino"
          },
          "sensitive_attributes": [
            [
              {
                "type": "get_attr",
                "value": "password"
              }
            ]
          ]
        }
      ]
    },
    {
      "mode": "managed",
      "type": "radarr_download_client_sabnzbd",
      "name": "radarr",
      "provider": "provider[\"registry.terraform.io/devopsarr/radarr\"]",
      "instances": [
        {
          "schema_version": 0,
          "attributes": {
            "api_key": "Nn34sHOH7kPMkvdx3h2ciy6KhHR11gZK",
            "enable": true,
            "host": "sabnzbd-princessdomino.venom.mygiga.cloud",
            "id": 1,
            "movie_category": "movies",
            "name": "SABnzbd",
            "older_movie_priority": -100,
            "password": null,
            "port": 443,
            "priority": 1,
            "recent_movie_priority": -100,
            "remove_completed_downloads": true,
            "remove_failed_downloads": true,
            "tags": [],
            "url_base": "/",
            "use_ssl": true,
            "username": null
          },
          "sensitive_attributes": [
            [
              {
                "type": "get_attr",
                "value": "api_key"
              }
            ],
            [
              {
                "type": "get_attr",
                "value": "password"
              }
            ]
          ]
        }
      ]
    },
    {
      "mode": "managed",
      "type": "radarr_media_management",
      "name": "settings",
      "provider": "provider[\"registry.terraform.io/devopsarr/radarr\"]",
      "instances": [
        {
          "schema_version": 0,
          "attributes": {
            "auto_rename_folders": true,
            "auto_unmonitor_previously_downloaded_movies": false,
            "chmod_folder": "755",
            "chown_group": "",
            "copy_using_hardlinks": true,
            "create_empty_movie_folders": true,
            "delete_empty_folders": true,
            "download_propers_and_repacks": "doNotPrefer",
            "enable_media_info": true,
            "extra_file_extensions": "srt,info",
            "file_date": "none",
            "id": 1,
            "import_extra_files": true,
            "minimum_free_space_when_importing": 100,
            "paths_default_static": false,
            "recycle_bin": "",
            "recycle_bin_cleanup_days": 7,
            "rescan_after_refresh": "always",
            "set_permissions_linux": false,
            "skip_free_space_check_when_importing": false
          },
          "sensitive_attributes": []
        }
      ]
    },
    {
      "mode": "managed",
      "type": "radarr_notification_discord",
      "name": "radarr",
      "provider": "provider[\"registry.terraform.io/devopsarr/radarr\"]",
      "instances": [
        {
          "schema_version": 0,
          "attributes": {
            "author": "Filme",
            "avatar": "https://radarr.video/img/logo.png",
            "grab_fields": [
              0,
              1,
              2,
              3,
              5,
              6,
              8,
              9
            ],
            "id": 2,
            "import_fields": [
              0,
              1,
              2,
              3,
              4,
              6,
              7,
              8,
              9,
              11,
              12
            ],
            "include_health_warnings": false,
            "name": "Discord (Incoming)",
            "on_application_update": false,
            "on_download": true,
            "on_grab": false,
            "on_health_issue": false,
            "on_health_restored": false,
            "on_manual_interaction_required": false,
            "on_movie_delete": false,
            "on_movie_file_delete": false,
            "on_movie_file_delete_for_upgrade": false,
            "on_rename": false,
            "on_upgrade": true,
            "tags": [],
            "username": "butler",
            "web_hook_url": "https://discord.com/api/webhooks/1346139699005227019/CZBLY28-lliBwHkLtwZ4ESpH7LSsM1HqM1Wm2N160lETtW-r-V5ZAvDYKVpTjh5an-vL"
          },
          "sensitive_attributes": []
        }
      ]
    },
    {
      "mode": "managed",
      "type": "radarr_notification_plex",
      "name": "radarr",
      "provider": "provider[\"registry.terraform.io/devopsarr/radarr\"]",
      "instances": [
        {
          "schema_version": 0,
          "attributes": {
            "auth_token": "JMsxCCwG_jHj2ahuyQxV",
            "host": "plex-princessdomino",
            "id": 1,
            "include_health_warnings": false,
            "name": "Plex Media Server",
            "on_download": true,
            "on_movie_added": true,
            "on_movie_delete": true,
            "on_movie_file_delete": true,
            "on_movie_file_delete_for_upgrade": true,
            "on_rename": true,
            "on_upgrade": true,
            "port": 32400,
            "tags": [],
            "update_library": true,
            "use_ssl": false
          },
          "sensitive_attributes": [
            [
              {
                "type": "get_attr",
                "value": "auth_token"
              }
            ]
          ]
        }
      ]
    },
    {
      "mode": "managed",
      "type": "radarr_quality_definition",
      "name": "bluray_1080p",
      "provider": "provider[\"registry.terraform.io/devopsarr/radarr\"]",
      "instances": [
        {
          "schema_version": 0,
          "attributes": {
            "id": 22,
            "max_size": 2000,
            "min_size": 48.4,
            "preferred_size": 1999,
            "quality_id": 7,
            "quality_name": "Bluray-1080p",
            "resolution": 1080,
            "source": "bluray",
            "title": "Bluray-1080p"
          },
          "sensitive_attributes": []
        }
      ]
    },
    {
      "mode": "managed",
      "type": "radarr_root_folder",
      "name": "movies",
      "provider": "provider[\"registry.terraform.io/devopsarr/radarr\"]",
      "instances": [
        {
          "schema_version": 0,
          "attributes": {
            "accessible": true,
            "id": 6,
            "path": "/storage/media/Movies",
            "unmapped_folders": []
          },
          "sensitive_attributes": []
        }
      ]
    },
    {
      "mode": "managed",
      "type": "radarr_root_folder",
      "name": "movies_anime",
      "provider": "provider[\"registry.terraform.io/devopsarr/radarr\"]",
      "instances": [
        {
          "schema_version": 0,
          "attributes": {
            "accessible": true,
            "id": 5,
            "path": "/storage/media/Movies (Anime)",
            "unmapped_folders": []
          },
          "sensitive_attributes": []
        }
      ]
    },
    {
      "mode": "managed",
      "type": "sonarr_download_client_rtorrent",
      "name": "sonarr",
      "provider": "provider[\"registry.terraform.io/devopsarr/sonarr\"]",
      "instances": [
        {
          "schema_version": 0,
          "attributes": {
            "add_stopped": false,
            "enable": true,
            "host": "rtorrent-princessdomino.venom.mygiga.cloud",
            "id": 2,
            "name": "rTorrent",
            "older_tv_priority": 2,
            "password": "oiFbgU-GJYwCP2V",
            "port": 443,
            "priority": 1,
            "recent_tv_priority": 2,
            "remove_completed_downloads": false,
            "remove_failed_downloads": false,
            "tags": [],
            "tv_category": "tv-sonarr",
            "tv_directory": null,
            "tv_imported_category": null,
            "url_base": "/rtrpc/",
            "use_ssl": true,
            "username": "princessdomino"
          },
          "sensitive_attributes": [
            [
              {
                "type": "get_attr",
                "value": "password"
              }
            ]
          ]
        }
      ]
    },
    {
      "mode": "managed",
      "type": "sonarr_download_client_sabnzbd",
      "name": "sonarr",
      "provider": "provider[\"registry.terraform.io/devopsarr/sonarr\"]",
      "instances": [
        {
          "schema_version": 0,
          "attributes": {
            "api_key": "Nn34sHOH7kPMkvdx3h2ciy6KhHR11gZK",
            "enable": true,
            "host": "sabnzbd-princessdomino.venom.mygiga.cloud",
            "id": 1,
            "name": "SABnzbd",
            "older_tv_priority": -100,
            "password": null,
            "port": 443,
            "priority": 1,
            "recent_tv_priority": -100,
            "remove_completed_downloads": true,
            "remove_failed_downloads": true,
            "tags": [],
            "tv_category": "tv",
            "url_base": "/",
            "use_ssl": true,
            "username": null
          },
          "sensitive_attributes": [
            [
              {
                "type": "get_attr",
                "value": "api_key"
              }
            ],
            [
              {
                "type": "get_attr",
                "value": "password"
              }
            ]
          ]
        }
      ]
    },
    {
      "mode": "managed",
      "type": "sonarr_media_management",
      "name": "settings",
      "provider": "provider[\"registry.terraform.io/devopsarr/sonarr\"]",
      "instances": [
        {
          "schema_version": 0,
          "attributes": {
            "chmod_folder": "755",
            "chown_group": "",
            "create_empty_folders": true,
            "delete_empty_folders": true,
            "download_propers_repacks": "doNotPrefer",
            "enable_media_info": true,
            "episode_title_required": "always",
            "extra_file_extensions": "srt,info",
            "file_date": "none",
            "hardlinks_copy": true,
            "id": 1,
            "import_extra_files": true,
            "minimum_free_space": 100,
            "recycle_bin_days": 7,
            "recycle_bin_path": "",
            "rescan_after_refresh": "always",
            "set_permissions": false,
            "skip_free_space_check": false,
            "unmonitor_previous_episodes": false
          },
          "sensitive_attributes": []
        }
      ]
    },
    {
      "mode": "managed",
      "type": "sonarr_notification_discord",
      "name": "sonarr",
      "provider": "provider[\"registry.terraform.io/devopsarr/sonarr\"]",
      "instances": [
        {
          "schema_version": 0,
          "attributes": {
            "author": "Serien",
            "avatar": "https://sonarr.tv/img/logo.png",
            "grab_fields": [
              0,
              1,
              2,
              3,
              5,
              6,
              8,
              9
            ],
            "id": 2,
            "import_fields": [
              0,
              1,
              2,
              3,
              4,
              6,
              7,
              8,
              9,
              11,
              12
            ],
            "include_health_warnings": false,
            "name": "Discord (Incoming)",
            "on_application_update": false,
            "on_download": true,
            "on_episode_file_delete": false,
            "on_episode_file_delete_for_upgrade": false,
            "on_grab": false,
            "on_health_issue": false,
            "on_health_restored": false,
            "on_import_complete": false,
            "on_manual_interaction_required": false,
            "on_rename": false,
            "on_series_add": false,
            "on_series_delete": false,
            "on_upgrade": true,
            "tags": [],
            "username": "butler",
            "web_hook_url": "https://discord.com/api/webhooks/1346141423644446842/Gxd-LK1sH5P_-EhYiY4oYw35af9s3thHPDnKcq4OLUOVsNlCdKhfTtIevVXa5IDz4GN4"
          },
          "sensitive_attributes": []
        }
      ]
    },
    {
      "mode": "managed",
      "type": "sonarr_notification_plex",
      "name": "sonarr",
      "provider": "provider[\"registry.terraform.io/devopsarr/sonarr\"]",
      "instances": [
        {
          "schema_version": 0,
          "attributes": {
            "auth_token": "JMsxCCwG_jHj2ahuyQxV",
            "host": "plex-princessdomino",
            "id": 1,
            "include_health_warnings": false,
            "name": "Plex Media Server",
            "on_download": true,
            "on_episode_file_delete": true,
            "on_episode_file_delete_for_upgrade": true,
            "on_import_complete": false,
            "on_rename": true,
            "on_series_add": true,
            "on_series_delete": true,
            "on_upgrade": true,
            "port": 32400,
            "tags": [],
            "update_library": true,
            "use_ssl": false
          },
          "sensitive_attributes": [
            [
              {
                "type": "get_attr",
                "value": "auth_token"
              }
            ]
          ]
        }
      ]
    },
    {
      "mode": "managed",
      "type": "sonarr_quality_definition",
      "name": "bluray_1080p",
      "provider": "provider[\"registry.terraform.io/devopsarr/sonarr\"]",
      "instances": [
        {
          "schema_version": 0,
          "attributes": {
            "id": 16,
            "max_size": 1000,
            "min_size": 48.4,
            "preferred_size": 995,
            "quality_id": 7,
            "quality_name": "Bluray-1080p",
            "resolution": 1080,
            "source": "bluray",
            "title": "Bluray-1080p"
          },
          "sensitive_attributes": []
        }
      ]
    },
    {
      "mode": "managed",
      "type": "sonarr_root_folder",
      "name": "series",
      "provider": "provider[\"registry.terraform.io/devopsarr/sonarr\"]",
      "instances": [
        {
          "schema_version": 0,
          "attributes": {
            "accessible": true,
            "id": 2,
            "path": "/storage/media/TV Shows",
            "unmapped_folders": []
          },
          "sensitive_attributes": []
        }
      ]
    },
    {
      "mode": "managed",
      "type": "sonarr_root_folder",
      "name": "series_anime",
      "provider": "provider[\"registry.terraform.io/devopsarr/sonarr\"]",
      "instances": [
        {
          "schema_version": 0,
          "attributes": {
            "accessible": true,
            "id": 1,
            "path": "/storage/media/TV Shows (Anime)",
            "unmapped_folders": []
          },
          "sensitive_attributes": []
        }
      ]
    }
  ],
  "check_results": null
}
